{
  "name": "ubml-parser",
  "version": "1.0.0",
  "lockfileVersion": 3,
  "requires": true,
  "packages": {
    "": {
      "name": "ubml-parser",
      "version": "1.0.0",
      "license": "ISC",
      "dependencies": {
        "markdown-ast": "^0.3.0"
      }
    },
    "node_modules/markdown-ast": {
      "version": "0.3.0",
      "resolved": "https://registry.npmjs.org/markdown-ast/-/markdown-ast-0.3.0.tgz",
      "integrity": "sha512-tFydZe/NV56f2LdKr49zElVKnOt/sH8G1rQ0wl8+Xtylv0mbh9g20tUK9Ln5CvTOajeJdaK5oWcZosUBJRBEcg=="
    }
  }
}
